// !$*UTF8*$!
{
	archiveVersion = 1;
	classes = {
	};
	objectVersion = 56;
	objects = {

/* Begin PBXBuildFile section */
		558E1E2A29F3A38F009F2B2C /* uberCloneApp.swift in Sources */ = {isa = PBXBuildFile; fileRef = 558E1E2929F3A38F009F2B2C /* uberCloneApp.swift */; };
		558E1E2E29F3A391009F2B2C /* Assets.xcassets in Resources */ = {isa = PBXBuildFile; fileRef = 558E1E2D29F3A391009F2B2C /* Assets.xcassets */; };
		558E1E3129F3A391009F2B2C /* Preview Assets.xcassets in Resources */ = {isa = PBXBuildFile; fileRef = 558E1E3029F3A391009F2B2C /* Preview Assets.xcassets */; };
		558E1E4829F3A49C009F2B2C /* HomeView.swift in Sources */ = {isa = PBXBuildFile; fileRef = 558E1E4729F3A49C009F2B2C /* HomeView.swift */; };
		558E1E4A29F3A508009F2B2C /* UberMapViewRepresintible.swift in Sources */ = {isa = PBXBuildFile; fileRef = 558E1E4929F3A508009F2B2C /* UberMapViewRepresintible.swift */; };
		558E1E4E29F3AE9D009F2B2C /* LocationManager.swift in Sources */ = {isa = PBXBuildFile; fileRef = 558E1E4D29F3AE9D009F2B2C /* LocationManager.swift */; };
		558F679E29F6CA8E006CB591 /* LocationSearchResultCell.swift in Sources */ = {isa = PBXBuildFile; fileRef = 558F679D29F6CA8E006CB591 /* LocationSearchResultCell.swift */; };
		558F67A029F6DB86006CB591 /* LocationSearchViewModel.swift in Sources */ = {isa = PBXBuildFile; fileRef = 558F679F29F6DB86006CB591 /* LocationSearchViewModel.swift */; };
		558F67A229F816D0006CB591 /* MapViewState .swift in Sources */ = {isa = PBXBuildFile; fileRef = 558F67A129F816D0006CB591 /* MapViewState .swift */; };
		558F67A529F8320C006CB591 /* RideRequestView.swift in Sources */ = {isa = PBXBuildFile; fileRef = 558F67A429F8320C006CB591 /* RideRequestView.swift */; };
		558F67A729F9836A006CB591 /* RideType.swift in Sources */ = {isa = PBXBuildFile; fileRef = 558F67A629F9836A006CB591 /* RideType.swift */; };
		558F67A929F99DF1006CB591 /* Double.swift in Sources */ = {isa = PBXBuildFile; fileRef = 558F67A829F99DF1006CB591 /* Double.swift */; };
		558F67AB29FA6DB8006CB591 /* UberLocation.swift in Sources */ = {isa = PBXBuildFile; fileRef = 558F67AA29FA6DB8006CB591 /* UberLocation.swift */; };
		558F67AD29FABBDB006CB591 /* Color.swift in Sources */ = {isa = PBXBuildFile; fileRef = 558F67AC29FABBDB006CB591 /* Color.swift */; };
		55F0FF4429F65C1500DA8EC5 /* LocationSearchActivationView.swift in Sources */ = {isa = PBXBuildFile; fileRef = 55F0FF4329F65C1500DA8EC5 /* LocationSearchActivationView.swift */; };
		55F0FF4629F65F0000DA8EC5 /* MapViewActionButton.swift in Sources */ = {isa = PBXBuildFile; fileRef = 55F0FF4529F65F0000DA8EC5 /* MapViewActionButton.swift */; };
		55F0FF4829F6677800DA8EC5 /* LocationSearchView.swift in Sources */ = {isa = PBXBuildFile; fileRef = 55F0FF4729F6677800DA8EC5 /* LocationSearchView.swift */; };
/* End PBXBuildFile section */

/* Begin PBXFileReference section */
		558E1E2629F3A38F009F2B2C /* uberClone.app */ = {isa = PBXFileReference; explicitFileType = wrapper.application; includeInIndex = 0; path = uberClone.app; sourceTree = BUILT_PRODUCTS_DIR; };
		558E1E2929F3A38F009F2B2C /* uberCloneApp.swift */ = {isa = PBXFileReference; lastKnownFileType = sourcecode.swift; path = uberCloneApp.swift; sourceTree = "<group>"; };
		558E1E2D29F3A391009F2B2C /* Assets.xcassets */ = {isa = PBXFileReference; lastKnownFileType = folder.assetcatalog; path = Assets.xcassets; sourceTree = "<group>"; };
		558E1E3029F3A391009F2B2C /* Preview Assets.xcassets */ = {isa = PBXFileReference; lastKnownFileType = folder.assetcatalog; path = "Preview Assets.xcassets"; sourceTree = "<group>"; };
		558E1E4729F3A49C009F2B2C /* HomeView.swift */ = {isa = PBXFileReference; lastKnownFileType = sourcecode.swift; path = HomeView.swift; sourceTree = "<group>"; };
		558E1E4929F3A508009F2B2C /* UberMapViewRepresintible.swift */ = {isa = PBXFileReference; lastKnownFileType = sourcecode.swift; path = UberMapViewRepresintible.swift; sourceTree = "<group>"; };
		558E1E4D29F3AE9D009F2B2C /* LocationManager.swift */ = {isa = PBXFileReference; lastKnownFileType = sourcecode.swift; path = LocationManager.swift; sourceTree = "<group>"; };
		558F679D29F6CA8E006CB591 /* LocationSearchResultCell.swift */ = {isa = PBXFileReference; lastKnownFileType = sourcecode.swift; path = LocationSearchResultCell.swift; sourceTree = "<group>"; };
		558F679F29F6DB86006CB591 /* LocationSearchViewModel.swift */ = {isa = PBXFileReference; lastKnownFileType = sourcecode.swift; path = LocationSearchViewModel.swift; sourceTree = "<group>"; };
		558F67A129F816D0006CB591 /* MapViewState .swift */ = {isa = PBXFileReference; lastKnownFileType = sourcecode.swift; path = "MapViewState .swift"; sourceTree = "<group>"; };
		558F67A429F8320C006CB591 /* RideRequestView.swift */ = {isa = PBXFileReference; lastKnownFileType = sourcecode.swift; path = RideRequestView.swift; sourceTree = "<group>"; };
		558F67A629F9836A006CB591 /* RideType.swift */ = {isa = PBXFileReference; lastKnownFileType = sourcecode.swift; path = RideType.swift; sourceTree = "<group>"; };
		558F67A829F99DF1006CB591 /* Double.swift */ = {isa = PBXFileReference; lastKnownFileType = sourcecode.swift; path = Double.swift; sourceTree = "<group>"; };
		558F67AA29FA6DB8006CB591 /* UberLocation.swift */ = {isa = PBXFileReference; lastKnownFileType = sourcecode.swift; path = UberLocation.swift; sourceTree = "<group>"; };
		558F67AC29FABBDB006CB591 /* Color.swift */ = {isa = PBXFileReference; lastKnownFileType = sourcecode.swift; path = Color.swift; sourceTree = "<group>"; };
		55F0FF4329F65C1500DA8EC5 /* LocationSearchActivationView.swift */ = {isa = PBXFileReference; lastKnownFileType = sourcecode.swift; path = LocationSearchActivationView.swift; sourceTree = "<group>"; };
		55F0FF4529F65F0000DA8EC5 /* MapViewActionButton.swift */ = {isa = PBXFileReference; lastKnownFileType = sourcecode.swift; path = MapViewActionButton.swift; sourceTree = "<group>"; };
		55F0FF4729F6677800DA8EC5 /* LocationSearchView.swift */ = {isa = PBXFileReference; lastKnownFileType = sourcecode.swift; path = LocationSearchView.swift; sourceTree = "<group>"; };
/* End PBXFileReference section */

/* Begin PBXFrameworksBuildPhase section */
		558E1E2329F3A38F009F2B2C /* Frameworks */ = {
			isa = PBXFrameworksBuildPhase;
			buildActionMask = 2147483647;
			files = (
			);
			runOnlyForDeploymentPostprocessing = 0;
		};
/* End PBXFrameworksBuildPhase section */

/* Begin PBXGroup section */
		558E1E1D29F3A38F009F2B2C = {
			isa = PBXGroup;
			children = (
				558E1E2829F3A38F009F2B2C /* UberClone */,
				558E1E2729F3A38F009F2B2C /* Products */,
			);
			sourceTree = "<group>";
		};
		558E1E2729F3A38F009F2B2C /* Products */ = {
			isa = PBXGroup;
			children = (
				558E1E2629F3A38F009F2B2C /* uberClone.app */,
			);
			name = Products;
			sourceTree = "<group>";
		};
		558E1E2829F3A38F009F2B2C /* UberClone */ = {
			isa = PBXGroup;
			children = (
				558E1E4329F3A3F6009F2B2C /* App */,
				558E1E4229F3A3EE009F2B2C /* Core */,
				558E1E4029F3A3E1009F2B2C /* Extensions */,
				558E1E3F29F3A3DE009F2B2C /* Managers */,
				558E1E3D29F3A3C7009F2B2C /* Models */,
				558E1E2D29F3A391009F2B2C /* Assets.xcassets */,
				558E1E2F29F3A391009F2B2C /* Preview Content */,
			);
			path = UberClone;
			sourceTree = "<group>";
		};
		558E1E2F29F3A391009F2B2C /* Preview Content */ = {
			isa = PBXGroup;
			children = (
				558E1E3029F3A391009F2B2C /* Preview Assets.xcassets */,
			);
			path = "Preview Content";
			sourceTree = "<group>";
		};
		558E1E3D29F3A3C7009F2B2C /* Models */ = {
			isa = PBXGroup;
			children = (
				558F67A129F816D0006CB591 /* MapViewState .swift */,
				558F67A629F9836A006CB591 /* RideType.swift */,
				558F67AA29FA6DB8006CB591 /* UberLocation.swift */,
			);
			path = Models;
			sourceTree = "<group>";
		};
		558E1E3F29F3A3DE009F2B2C /* Managers */ = {
			isa = PBXGroup;
			children = (
				558E1E4D29F3AE9D009F2B2C /* LocationManager.swift */,
			);
			path = Managers;
			sourceTree = "<group>";
		};
		558E1E4029F3A3E1009F2B2C /* Extensions */ = {
			isa = PBXGroup;
			children = (
				558F67A829F99DF1006CB591 /* Double.swift */,
				558F67AC29FABBDB006CB591 /* Color.swift */,
			);
			path = Extensions;
			sourceTree = "<group>";
		};
		558E1E4229F3A3EE009F2B2C /* Core */ = {
			isa = PBXGroup;
			children = (
				558F67A329F831E8006CB591 /* Trips */,
				55F0FF4029F65B9400DA8EC5 /* LocationSearch  */,
				55F0FF3F29F65B6500DA8EC5 /* Home */,
			);
			path = Core;
			sourceTree = "<group>";
		};
		558E1E4329F3A3F6009F2B2C /* App */ = {
			isa = PBXGroup;
			children = (
				558E1E2929F3A38F009F2B2C /* uberCloneApp.swift */,
			);
			path = App;
			sourceTree = "<group>";
		};
		558E1E4429F3A459009F2B2C /* Views */ = {
			isa = PBXGroup;
			children = (
				558E1E4729F3A49C009F2B2C /* HomeView.swift */,
				558E1E4929F3A508009F2B2C /* UberMapViewRepresintible.swift */,
				55F0FF4529F65F0000DA8EC5 /* MapViewActionButton.swift */,
			);
			path = Views;
			sourceTree = "<group>";
		};
		558E1E4629F3A463009F2B2C /* ViewModel */ = {
			isa = PBXGroup;
			children = (
			);
			path = ViewModel;
			sourceTree = "<group>";
		};
		558F67A329F831E8006CB591 /* Trips */ = {
			isa = PBXGroup;
			children = (
				558F67A429F8320C006CB591 /* RideRequestView.swift */,
			);
			path = Trips;
			sourceTree = "<group>";
		};
		55F0FF3F29F65B6500DA8EC5 /* Home */ = {
			isa = PBXGroup;
			children = (
				558E1E4629F3A463009F2B2C /* ViewModel */,
				558E1E4429F3A459009F2B2C /* Views */,
			);
			path = Home;
			sourceTree = "<group>";
		};
		55F0FF4029F65B9400DA8EC5 /* LocationSearch  */ = {
			isa = PBXGroup;
			children = (
				55F0FF4229F65BE500DA8EC5 /* ViewModels */,
				55F0FF4129F65BDA00DA8EC5 /* Views */,
			);
			path = "LocationSearch ";
			sourceTree = "<group>";
		};
		55F0FF4129F65BDA00DA8EC5 /* Views */ = {
			isa = PBXGroup;
			children = (
				55F0FF4329F65C1500DA8EC5 /* LocationSearchActivationView.swift */,
				55F0FF4729F6677800DA8EC5 /* LocationSearchView.swift */,
				558F679D29F6CA8E006CB591 /* LocationSearchResultCell.swift */,
			);
			path = Views;
			sourceTree = "<group>";
		};
		55F0FF4229F65BE500DA8EC5 /* ViewModels */ = {
			isa = PBXGroup;
			children = (
				558F679F29F6DB86006CB591 /* LocationSearchViewModel.swift */,
			);
			path = ViewModels;
			sourceTree = "<group>";
		};
/* End PBXGroup section */

/* Begin PBXNativeTarget section */
		558E1E2529F3A38F009F2B2C /* uberClone */ = {
			isa = PBXNativeTarget;
			buildConfigurationList = 558E1E3429F3A391009F2B2C /* Build configuration list for PBXNativeTarget "uberClone" */;
			buildPhases = (
				558E1E2229F3A38F009F2B2C /* Sources */,
				558E1E2329F3A38F009F2B2C /* Frameworks */,
				558E1E2429F3A38F009F2B2C /* Resources */,
			);
			buildRules = (
			);
			dependencies = (
			);
			name = uberClone;
			productName = uberClone;
			productReference = 558E1E2629F3A38F009F2B2C /* uberClone.app */;
			productType = "com.apple.product-type.application";
		};
/* End PBXNativeTarget section */

/* Begin PBXProject section */
		558E1E1E29F3A38F009F2B2C /* Project object */ = {
			isa = PBXProject;
			attributes = {
				BuildIndependentTargetsInParallel = 1;
				LastSwiftUpdateCheck = 1420;
				LastUpgradeCheck = 1420;
				TargetAttributes = {
					558E1E2529F3A38F009F2B2C = {
						CreatedOnToolsVersion = 14.2;
					};
				};
			};
			buildConfigurationList = 558E1E2129F3A38F009F2B2C /* Build configuration list for PBXProject "uberClone" */;
			compatibilityVersion = "Xcode 14.0";
			developmentRegion = en;
			hasScannedForEncodings = 0;
			knownRegions = (
				en,
				Base,
			);
			mainGroup = 558E1E1D29F3A38F009F2B2C;
			productRefGroup = 558E1E2729F3A38F009F2B2C /* Products */;
			projectDirPath = "";
			projectRoot = "";
			targets = (
				558E1E2529F3A38F009F2B2C /* uberClone */,
			);
		};
/* End PBXProject section */

/* Begin PBXResourcesBuildPhase section */
		558E1E2429F3A38F009F2B2C /* Resources */ = {
			isa = PBXResourcesBuildPhase;
			buildActionMask = 2147483647;
			files = (
				558E1E3129F3A391009F2B2C /* Preview Assets.xcassets in Resources */,
				558E1E2E29F3A391009F2B2C /* Assets.xcassets in Resources */,
			);
			runOnlyForDeploymentPostprocessing = 0;
		};
/* End PBXResourcesBuildPhase section */

/* Begin PBXSourcesBuildPhase section */
		558E1E2229F3A38F009F2B2C /* Sources */ = {
			isa = PBXSourcesBuildPhase;
			buildActionMask = 2147483647;
			files = (
				558F67A029F6DB86006CB591 /* LocationSearchViewModel.swift in Sources */,
				55F0FF4829F6677800DA8EC5 /* LocationSearchView.swift in Sources */,
				558E1E4E29F3AE9D009F2B2C /* LocationManager.swift in Sources */,
				558F67A529F8320C006CB591 /* RideRequestView.swift in Sources */,
				558F67A929F99DF1006CB591 /* Double.swift in Sources */,
				55F0FF4629F65F0000DA8EC5 /* MapViewActionButton.swift in Sources */,
				558F67A229F816D0006CB591 /* MapViewState .swift in Sources */,
				558E1E2A29F3A38F009F2B2C /* uberCloneApp.swift in Sources */,
				558F67AD29FABBDB006CB591 /* Color.swift in Sources */,
				558E1E4A29F3A508009F2B2C /* UberMapViewRepresintible.swift in Sources */,
				558E1E4829F3A49C009F2B2C /* HomeView.swift in Sources */,
				558F67AB29FA6DB8006CB591 /* UberLocation.swift in Sources */,
				55F0FF4429F65C1500DA8EC5 /* LocationSearchActivationView.swift in Sources */,
				558F679E29F6CA8E006CB591 /* LocationSearchResultCell.swift in Sources */,
				558F67A729F9836A006CB591 /* RideType.swift in Sources */,
			);
			runOnlyForDeploymentPostprocessing = 0;
		};
/* End PBXSourcesBuildPhase section */

/* Begin XCBuildConfiguration section */
		558E1E3229F3A391009F2B2C /* Debug */ = {
			isa = XCBuildConfiguration;
			buildSettings = {
				ALWAYS_SEARCH_USER_PATHS = NO;
				CLANG_ANALYZER_NONNULL = YES;
				CLANG_ANALYZER_NUMBER_OBJECT_CONVERSION = YES_AGGRESSIVE;
				CLANG_CXX_LANGUAGE_STANDARD = "gnu++20";
				CLANG_ENABLE_MODULES = YES;
				CLANG_ENABLE_OBJC_ARC = YES;
				CLANG_ENABLE_OBJC_WEAK = YES;
				CLANG_WARN_BLOCK_CAPTURE_AUTORELEASING = YES;
				CLANG_WARN_BOOL_CONVERSION = YES;
				CLANG_WARN_COMMA = YES;
				CLANG_WARN_CONSTANT_CONVERSION = YES;
				CLANG_WARN_DEPRECATED_OBJC_IMPLEMENTATIONS = YES;
				CLANG_WARN_DIRECT_OBJC_ISA_USAGE = YES_ERROR;
				CLANG_WARN_DOCUMENTATION_COMMENTS = YES;
				CLANG_WARN_EMPTY_BODY = YES;
				CLANG_WARN_ENUM_CONVERSION = YES;
				CLANG_WARN_INFINITE_RECURSION = YES;
				CLANG_WARN_INT_CONVERSION = YES;
				CLANG_WARN_NON_LITERAL_NULL_CONVERSION = YES;
				CLANG_WARN_OBJC_IMPLICIT_RETAIN_SELF = YES;
				CLANG_WARN_OBJC_LITERAL_CONVERSION = YES;
				CLANG_WARN_OBJC_ROOT_CLASS = YES_ERROR;
				CLANG_WARN_QUOTED_INCLUDE_IN_FRAMEWORK_HEADER = YES;
				CLANG_WARN_RANGE_LOOP_ANALYSIS = YES;
				CLANG_WARN_STRICT_PROTOTYPES = YES;
				CLANG_WARN_SUSPICIOUS_MOVE = YES;
				CLANG_WARN_UNGUARDED_AVAILABILITY = YES_AGGRESSIVE;
				CLANG_WARN_UNREACHABLE_CODE = YES;
				CLANG_WARN__DUPLICATE_METHOD_MATCH = YES;
				COPY_PHASE_STRIP = NO;
				DEBUG_INFORMATION_FORMAT = dwarf;
				ENABLE_STRICT_OBJC_MSGSEND = YES;
				ENABLE_TESTABILITY = YES;
				GCC_C_LANGUAGE_STANDARD = gnu11;
				GCC_DYNAMIC_NO_PIC = NO;
				GCC_NO_COMMON_BLOCKS = YES;
				GCC_OPTIMIZATION_LEVEL = 0;
				GCC_PREPROCESSOR_DEFINITIONS = (
					"DEBUG=1",
					"$(inherited)",
				);
				GCC_WARN_64_TO_32_BIT_CONVERSION = YES;
				GCC_WARN_ABOUT_RETURN_TYPE = YES_ERROR;
				GCC_WARN_UNDECLARED_SELECTOR = YES;
				GCC_WARN_UNINITIALIZED_AUTOS = YES_AGGRESSIVE;
				GCC_WARN_UNUSED_FUNCTION = YES;
				GCC_WARN_UNUSED_VARIABLE = YES;
				IPHONEOS_DEPLOYMENT_TARGET = 16.2;
				MTL_ENABLE_DEBUG_INFO = INCLUDE_SOURCE;
				MTL_FAST_MATH = YES;
				ONLY_ACTIVE_ARCH = YES;
				SDKROOT = iphoneos;
				SWIFT_ACTIVE_COMPILATION_CONDITIONS = DEBUG;
				SWIFT_OPTIMIZATION_LEVEL = "-Onone";
			};
			name = Debug;
		};
		558E1E3329F3A391009F2B2C /* Release */ = {
			isa = XCBuildConfiguration;
			buildSettings = {
				ALWAYS_SEARCH_USER_PATHS = NO;
				CLANG_ANALYZER_NONNULL = YES;
				CLANG_ANALYZER_NUMBER_OBJECT_CONVERSION = YES_AGGRESSIVE;
				CLANG_CXX_LANGUAGE_STANDARD = "gnu++20";
				CLANG_ENABLE_MODULES = YES;
				CLANG_ENABLE_OBJC_ARC = YES;
				CLANG_ENABLE_OBJC_WEAK = YES;
				CLANG_WARN_BLOCK_CAPTURE_AUTORELEASING = YES;
				CLANG_WARN_BOOL_CONVERSION = YES;
				CLANG_WARN_COMMA = YES;
				CLANG_WARN_CONSTANT_CONVERSION = YES;
				CLANG_WARN_DEPRECATED_OBJC_IMPLEMENTATIONS = YES;
				CLANG_WARN_DIRECT_OBJC_ISA_USAGE = YES_ERROR;
				CLANG_WARN_DOCUMENTATION_COMMENTS = YES;
				CLANG_WARN_EMPTY_BODY = YES;
				CLANG_WARN_ENUM_CONVERSION = YES;
				CLANG_WARN_INFINITE_RECURSION = YES;
				CLANG_WARN_INT_CONVERSION = YES;
				CLANG_WARN_NON_LITERAL_NULL_CONVERSION = YES;
				CLANG_WARN_OBJC_IMPLICIT_RETAIN_SELF = YES;
				CLANG_WARN_OBJC_LITERAL_CONVERSION = YES;
				CLANG_WARN_OBJC_ROOT_CLASS = YES_ERROR;
				CLANG_WARN_QUOTED_INCLUDE_IN_FRAMEWORK_HEADER = YES;
				CLANG_WARN_RANGE_LOOP_ANALYSIS = YES;
				CLANG_WARN_STRICT_PROTOTYPES = YES;
				CLANG_WARN_SUSPICIOUS_MOVE = YES;
				CLANG_WARN_UNGUARDED_AVAILABILITY = YES_AGGRESSIVE;
				CLANG_WARN_UNREACHABLE_CODE = YES;
				CLANG_WARN__DUPLICATE_METHOD_MATCH = YES;
				COPY_PHASE_STRIP = NO;
				DEBUG_INFORMATION_FORMAT = "dwarf-with-dsym";
				ENABLE_NS_ASSERTIONS = NO;
				ENABLE_STRICT_OBJC_MSGSEND = YES;
				GCC_C_LANGUAGE_STANDARD = gnu11;
				GCC_NO_COMMON_BLOCKS = YES;
				GCC_WARN_64_TO_32_BIT_CONVERSION = YES;
				GCC_WARN_ABOUT_RETURN_TYPE = YES_ERROR;
				GCC_WARN_UNDECLARED_SELECTOR = YES;
				GCC_WARN_UNINITIALIZED_AUTOS = YES_AGGRESSIVE;
				GCC_WARN_UNUSED_FUNCTION = YES;
				GCC_WARN_UNUSED_VARIABLE = YES;
				IPHONEOS_DEPLOYMENT_TARGET = 16.2;
				MTL_ENABLE_DEBUG_INFO = NO;
				MTL_FAST_MATH = YES;
				SDKROOT = iphoneos;
				SWIFT_COMPILATION_MODE = wholemodule;
				SWIFT_OPTIMIZATION_LEVEL = "-O";
				VALIDATE_PRODUCT = YES;
			};
			name = Release;
		};
		558E1E3529F3A391009F2B2C /* Debug */ = {
			isa = XCBuildConfiguration;
			buildSettings = {
				ASSETCATALOG_COMPILER_APPICON_NAME = AppIcon;
				ASSETCATALOG_COMPILER_GLOBAL_ACCENT_COLOR_NAME = AccentColor;
				CODE_SIGN_STYLE = Automatic;
				CURRENT_PROJECT_VERSION = 1;
				DEVELOPMENT_ASSET_PATHS = "\"uberClone/Preview Content\"";
				DEVELOPMENT_TEAM = UC5XX294CR;
				ENABLE_PREVIEWS = YES;
				GENERATE_INFOPLIST_FILE = YES;
				INFOPLIST_KEY_NSLocationAlwaysAndWhenInUseUsageDescription = "Pllease allow us to find your location";
				INFOPLIST_KEY_NSLocationWhenInUseUsageDescription = "Pllease allow us to find your location";
				INFOPLIST_KEY_UIApplicationSceneManifest_Generation = YES;
				INFOPLIST_KEY_UIApplicationSupportsIndirectInputEvents = YES;
				INFOPLIST_KEY_UILaunchScreen_Generation = YES;
				INFOPLIST_KEY_UISupportedInterfaceOrientations_iPad = "UIInterfaceOrientationPortrait UIInterfaceOrientationPortraitUpsideDown UIInterfaceOrientationLandscapeLeft UIInterfaceOrientationLandscapeRight";
				INFOPLIST_KEY_UISupportedInterfaceOrientations_iPhone = "UIInterfaceOrientationPortrait UIInterfaceOrientationLandscapeLeft UIInterfaceOrientationLandscapeRight";
				LD_RUNPATH_SEARCH_PATHS = (
					"$(inherited)",
					"@executable_path/Frameworks",
				);
				MARKETING_VERSION = 1.0;
				PRODUCT_BUNDLE_IDENTIFIER = com.rahul.uberClone;
				PRODUCT_NAME = "$(TARGET_NAME)";
				SWIFT_EMIT_LOC_STRINGS = YES;
				SWIFT_VERSION = 5.0;
				TARGETED_DEVICE_FAMILY = "1,2";
			};
			name = Debug;
		};
		558E1E3629F3A391009F2B2C /* Release */ = {
			isa = XCBuildConfiguration;
			buildSettings = {
				ASSETCATALOG_COMPILER_APPICON_NAME = AppIcon;
				ASSETCATALOG_COMPILER_GLOBAL_ACCENT_COLOR_NAME = AccentColor;
				CODE_SIGN_STYLE = Automatic;
				CURRENT_PROJECT_VERSION = 1;
				DEVELOPMENT_ASSET_PATHS = "\"uberClone/Preview Content\"";
				DEVELOPMENT_TEAM = UC5XX294CR;
				ENABLE_PREVIEWS = YES;
				GENERATE_INFOPLIST_FILE = YES;
				INFOPLIST_KEY_NSLocationAlwaysAndWhenInUseUsageDescription = "Pllease allow us to find your location";
				INFOPLIST_KEY_NSLocationWhenInUseUsageDescription = "Pllease allow us to find your location";
				INFOPLIST_KEY_UIApplicationSceneManifest_Generation = YES;
				INFOPLIST_KEY_UIApplicationSupportsIndirectInputEvents = YES;
				INFOPLIST_KEY_UILaunchScreen_Generation = YES;
				INFOPLIST_KEY_UISupportedInterfaceOrientations_iPad = "UIInterfaceOrientationPortrait UIInterfaceOrientationPortraitUpsideDown UIInterfaceOrientationLandscapeLeft UIInterfaceOrientationLandscapeRight";
				INFOPLIST_KEY_UISupportedInterfaceOrientations_iPhone = "UIInterfaceOrientationPortrait UIInterfaceOrientationLandscapeLeft UIInterfaceOrientationLandscapeRight";
				LD_RUNPATH_SEARCH_PATHS = (
					"$(inherited)",
					"@executable_path/Frameworks",
				);
				MARKETING_VERSION = 1.0;
				PRODUCT_BUNDLE_IDENTIFIER = com.rahul.uberClone;
				PRODUCT_NAME = "$(TARGET_NAME)";
				SWIFT_EMIT_LOC_STRINGS = YES;
				SWIFT_VERSION = 5.0;
				TARGETED_DEVICE_FAMILY = "1,2";
			};
			name = Release;
		};
/* End XCBuildConfiguration section */

/* Begin XCConfigurationList section */
		558E1E2129F3A38F009F2B2C /* Build configuration list for PBXProject "uberClone" */ = {
			isa = XCConfigurationList;
			buildConfigurations = (
				558E1E3229F3A391009F2B2C /* Debug */,
				558E1E3329F3A391009F2B2C /* Release */,
			);
			defaultConfigurationIsVisible = 0;
			defaultConfigurationName = Release;
		};
		558E1E3429F3A391009F2B2C /* Build configuration list for PBXNativeTarget "uberClone" */ = {
			isa = XCConfigurationList;
			buildConfigurations = (
				558E1E3529F3A391009F2B2C /* Debug */,
				558E1E3629F3A391009F2B2C /* Release */,
			);
			defaultConfigurationIsVisible = 0;
			defaultConfigurationName = Release;
		};
/* End XCConfigurationList section */
	};
	rootObject = 558E1E1E29F3A38F009F2B2C /* Project object */;
}
